
Microsoft Visual Studio Solution File, Format Version 12.00
# Visual Studio Version 17
VisualStudioVersion = 17.6.33829.357
MinimumVisualStudioVersion = 10.0.40219.1
Project("{2150E333-8FDC-42A3-9474-1A3956D46DE8}") = "Services", "Services", "{BAF05ED0-4440-4043-9016-EAF622346BBC}"
EndProject
Project("{2150E333-8FDC-42A3-9474-1A3956D46DE8}") = "Catalog", "Catalog", "{6329C548-034B-42A9-BCD1-D24CD77AC30A}"
EndProject
Project("{9A19103F-16F7-4668-BE54-9A1E7A4F7556}") = "Catalog.API", "Services\Catalog\Catalog.API\Catalog.API.csproj", "{07A94F80-59F0-4E14-BF0C-A3899638638C}"
EndProject
Project("{E53339B2-1760-4266-BCC7-CA923CBCF16C}") = "docker-compose", "docker-compose.dcproj", "{0575FD36-3CE1-4470-A88C-5831496B5942}"
EndProject
Project("{2150E333-8FDC-42A3-9474-1A3956D46DE8}") = "Basket", "Basket", "{D1B5629A-18CC-4EE6-A125-D7D0D81328D8}"
EndProject
Project("{9A19103F-16F7-4668-BE54-9A1E7A4F7556}") = "Basket.API", "Services\Basket\Basket.API\Basket.API.csproj", "{0E9982C6-8B77-49DC-9F08-D0330EDB59B7}"
EndProject
Project("{2150E333-8FDC-42A3-9474-1A3956D46DE8}") = "Discount", "Discount", "{167F4750-E523-4396-ADCC-B29BE2CA38E0}"
EndProject
Project("{9A19103F-16F7-4668-BE54-9A1E7A4F7556}") = "Discount.API", "Services\Discount\Discount.API\Discount.API.csproj", "{794C858C-DBF2-476B-887D-D5EE6E21102B}"
EndProject
Project("{9A19103F-16F7-4668-BE54-9A1E7A4F7556}") = "Discount.Grpc", "Services\Discount\Discount.Grpc\Discount.Grpc.csproj", "{8C44364E-5752-451F-89CB-94E68EB33844}"
EndProject
Project("{2150E333-8FDC-42A3-9474-1A3956D46DE8}") = "Ordering", "Ordering", "{EDE3CF37-2B26-44C7-813C-6A61017CC354}"
EndProject
Project("{9A19103F-16F7-4668-BE54-9A1E7A4F7556}") = "Ordering.API", "Services\Ordering\Ordering.API\Ordering.API.csproj", "{3FB28E61-EB44-4543-8B11-F59BCEF597C9}"
EndProject
Project("{9A19103F-16F7-4668-BE54-9A1E7A4F7556}") = "Ordering.Domain", "Services\Ordering\Ordering.Domain\Ordering.Domain\Ordering.Domain.csproj", "{A65E5C5B-8E12-45DE-A5D0-AB728946714F}"
EndProject
Project("{9A19103F-16F7-4668-BE54-9A1E7A4F7556}") = "Ordering.Application", "Services\Ordering\Ordering.Application\Ordering.Application.csproj", "{9D1B9236-221B-4B2C-8EFE-E3109DA9FC0E}"
EndProject
Project("{9A19103F-16F7-4668-BE54-9A1E7A4F7556}") = "Ordering.Infrastructure", "Services\Ordering\Ordering.Infrastructure\Ordering.Infrastructure.csproj", "{A912B21E-617D-4738-80F2-2C372D940CD0}"
EndProject
Project("{2150E333-8FDC-42A3-9474-1A3956D46DE8}") = "BuildingBlocks", "BuildingBlocks", "{7B6F2370-7CA4-4CBA-9F5E-BBD23B307245}"
EndProject
Project("{9A19103F-16F7-4668-BE54-9A1E7A4F7556}") = "EventBus.Messages", "BuildingBlocks\EventBus.Messages\EventBus.Messages.csproj", "{E0F5A185-5D7A-4CF2-A360-FA3D1478F335}"
EndProject
Project("{2150E333-8FDC-42A3-9474-1A3956D46DE8}") = "ApiGateways", "ApiGateways", "{CC389A2C-38D2-41D6-8966-959766EB5088}"
EndProject
Project("{9A19103F-16F7-4668-BE54-9A1E7A4F7556}") = "OcelotApiGw", "ApiGateways\OcelotApiGw\OcelotApiGw.csproj", "{61CA5FF0-6E91-4310-8684-9B3F1ECD1534}"
EndProject
Project("{9A19103F-16F7-4668-BE54-9A1E7A4F7556}") = "Shopping.Aggregator", "ApiGateways\Shopping.Aggregator\Shopping.Aggregator.csproj", "{4F9D3A0D-7233-46BC-A67D-A50B46CDA0DA}"
EndProject
Project("{2150E333-8FDC-42A3-9474-1A3956D46DE8}") = "WebApps", "WebApps", "{3ADAA6DE-3279-43A3-A7FA-018AA5C11653}"
EndProject
Project("{9A19103F-16F7-4668-BE54-9A1E7A4F7556}") = "AspnetRunBasics", "WebApps\AspnetRunBasics\AspnetRunBasics.csproj", "{CF2D982A-6E95-4605-B30D-7EFB6B8DA0B4}"
EndProject
Project("{FAE04EC0-301F-11D3-BF4B-00C04F79EFBC}") = "Common.Logging", "BuildingBlocks\Common.Logging\Common.Logging.csproj", "{E349DE0E-EB32-4D9D-A384-E901F70AB710}"
EndProject
Project("{FAE04EC0-301F-11D3-BF4B-00C04F79EFBC}") = "WebStatus", "WebApps\WebStatus\WebStatus.csproj", "{CDABC22B-6A89-4858-8A30-F8B003374A1E}"
EndProject
Global
	GlobalSection(SolutionConfigurationPlatforms) = preSolution
		Debug|Any CPU = Debug|Any CPU
		Release|Any CPU = Release|Any CPU
	EndGlobalSection
	GlobalSection(ProjectConfigurationPlatforms) = postSolution
		{07A94F80-59F0-4E14-BF0C-A3899638638C}.Debug|Any CPU.ActiveCfg = Debug|Any CPU
		{07A94F80-59F0-4E14-BF0C-A3899638638C}.Debug|Any CPU.Build.0 = Debug|Any CPU
		{07A94F80-59F0-4E14-BF0C-A3899638638C}.Release|Any CPU.ActiveCfg = Release|Any CPU
		{07A94F80-59F0-4E14-BF0C-A3899638638C}.Release|Any CPU.Build.0 = Release|Any CPU
		{0575FD36-3CE1-4470-A88C-5831496B5942}.Debug|Any CPU.ActiveCfg = Debug|Any CPU
		{0575FD36-3CE1-4470-A88C-5831496B5942}.Debug|Any CPU.Build.0 = Debug|Any CPU
		{0575FD36-3CE1-4470-A88C-5831496B5942}.Release|Any CPU.ActiveCfg = Release|Any CPU
		{0575FD36-3CE1-4470-A88C-5831496B5942}.Release|Any CPU.Build.0 = Release|Any CPU
		{0E9982C6-8B77-49DC-9F08-D0330EDB59B7}.Debug|Any CPU.ActiveCfg = Debug|Any CPU
		{0E9982C6-8B77-49DC-9F08-D0330EDB59B7}.Debug|Any CPU.Build.0 = Debug|Any CPU
		{0E9982C6-8B77-49DC-9F08-D0330EDB59B7}.Release|Any CPU.ActiveCfg = Release|Any CPU
		{0E9982C6-8B77-49DC-9F08-D0330EDB59B7}.Release|Any CPU.Build.0 = Release|Any CPU
		{794C858C-DBF2-476B-887D-D5EE6E21102B}.Debug|Any CPU.ActiveCfg = Debug|Any CPU
		{794C858C-DBF2-476B-887D-D5EE6E21102B}.Debug|Any CPU.Build.0 = Debug|Any CPU
		{794C858C-DBF2-476B-887D-D5EE6E21102B}.Release|Any CPU.ActiveCfg = Release|Any CPU
		{794C858C-DBF2-476B-887D-D5EE6E21102B}.Release|Any CPU.Build.0 = Release|Any CPU
		{8C44364E-5752-451F-89CB-94E68EB33844}.Debug|Any CPU.ActiveCfg = Debug|Any CPU
		{8C44364E-5752-451F-89CB-94E68EB33844}.Debug|Any CPU.Build.0 = Debug|Any CPU
		{8C44364E-5752-451F-89CB-94E68EB33844}.Release|Any CPU.ActiveCfg = Release|Any CPU
		{8C44364E-5752-451F-89CB-94E68EB33844}.Release|Any CPU.Build.0 = Release|Any CPU
		{3FB28E61-EB44-4543-8B11-F59BCEF597C9}.Debug|Any CPU.ActiveCfg = Debug|Any CPU
		{3FB28E61-EB44-4543-8B11-F59BCEF597C9}.Debug|Any CPU.Build.0 = Debug|Any CPU
		{3FB28E61-EB44-4543-8B11-F59BCEF597C9}.Release|Any CPU.ActiveCfg = Release|Any CPU
		{3FB28E61-EB44-4543-8B11-F59BCEF597C9}.Release|Any CPU.Build.0 = Release|Any CPU
		{A65E5C5B-8E12-45DE-A5D0-AB728946714F}.Debug|Any CPU.ActiveCfg = Debug|Any CPU
		{A65E5C5B-8E12-45DE-A5D0-AB728946714F}.Debug|Any CPU.Build.0 = Debug|Any CPU
		{A65E5C5B-8E12-45DE-A5D0-AB728946714F}.Release|Any CPU.ActiveCfg = Release|Any CPU
		{A65E5C5B-8E12-45DE-A5D0-AB728946714F}.Release|Any CPU.Build.0 = Release|Any CPU
		{9D1B9236-221B-4B2C-8EFE-E3109DA9FC0E}.Debug|Any CPU.ActiveCfg = Debug|Any CPU
		{9D1B9236-221B-4B2C-8EFE-E3109DA9FC0E}.Debug|Any CPU.Build.0 = Debug|Any CPU
		{9D1B9236-221B-4B2C-8EFE-E3109DA9FC0E}.Release|Any CPU.ActiveCfg = Release|Any CPU
		{9D1B9236-221B-4B2C-8EFE-E3109DA9FC0E}.Release|Any CPU.Build.0 = Release|Any CPU
		{A912B21E-617D-4738-80F2-2C372D940CD0}.Debug|Any CPU.ActiveCfg = Debug|Any CPU
		{A912B21E-617D-4738-80F2-2C372D940CD0}.Debug|Any CPU.Build.0 = Debug|Any CPU
		{A912B21E-617D-4738-80F2-2C372D940CD0}.Release|Any CPU.ActiveCfg = Release|Any CPU
		{A912B21E-617D-4738-80F2-2C372D940CD0}.Release|Any CPU.Build.0 = Release|Any CPU
		{E0F5A185-5D7A-4CF2-A360-FA3D1478F335}.Debug|Any CPU.ActiveCfg = Debug|Any CPU
		{E0F5A185-5D7A-4CF2-A360-FA3D1478F335}.Debug|Any CPU.Build.0 = Debug|Any CPU
		{E0F5A185-5D7A-4CF2-A360-FA3D1478F335}.Release|Any CPU.ActiveCfg = Release|Any CPU
		{E0F5A185-5D7A-4CF2-A360-FA3D1478F335}.Release|Any CPU.Build.0 = Release|Any CPU
		{61CA5FF0-6E91-4310-8684-9B3F1ECD1534}.Debug|Any CPU.ActiveCfg = Debug|Any CPU
		{61CA5FF0-6E91-4310-8684-9B3F1ECD1534}.Debug|Any CPU.Build.0 = Debug|Any CPU
		{61CA5FF0-6E91-4310-8684-9B3F1ECD1534}.Release|Any CPU.ActiveCfg = Release|Any CPU
		{61CA5FF0-6E91-4310-8684-9B3F1ECD1534}.Release|Any CPU.Build.0 = Release|Any CPU
		{4F9D3A0D-7233-46BC-A67D-A50B46CDA0DA}.Debug|Any CPU.ActiveCfg = Debug|Any CPU
		{4F9D3A0D-7233-46BC-A67D-A50B46CDA0DA}.Debug|Any CPU.Build.0 = Debug|Any CPU
		{4F9D3A0D-7233-46BC-A67D-A50B46CDA0DA}.Release|Any CPU.ActiveCfg = Release|Any CPU
		{4F9D3A0D-7233-46BC-A67D-A50B46CDA0DA}.Release|Any CPU.Build.0 = Release|Any CPU
		{CF2D982A-6E95-4605-B30D-7EFB6B8DA0B4}.Debug|Any CPU.ActiveCfg = Debug|Any CPU
		{CF2D982A-6E95-4605-B30D-7EFB6B8DA0B4}.Debug|Any CPU.Build.0 = Debug|Any CPU
		{CF2D982A-6E95-4605-B30D-7EFB6B8DA0B4}.Release|Any CPU.ActiveCfg = Release|Any CPU
		{CF2D982A-6E95-4605-B30D-7EFB6B8DA0B4}.Release|Any CPU.Build.0 = Release|Any CPU
		{E349DE0E-EB32-4D9D-A384-E901F70AB710}.Debug|Any CPU.ActiveCfg = Debug|Any CPU
		{E349DE0E-EB32-4D9D-A384-E901F70AB710}.Debug|Any CPU.Build.0 = Debug|Any CPU
		{E349DE0E-EB32-4D9D-A384-E901F70AB710}.Release|Any CPU.ActiveCfg = Release|Any CPU
		{E349DE0E-EB32-4D9D-A384-E901F70AB710}.Release|Any CPU.Build.0 = Release|Any CPU
		{CDABC22B-6A89-4858-8A30-F8B003374A1E}.Debug|Any CPU.ActiveCfg = Debug|Any CPU
		{CDABC22B-6A89-4858-8A30-F8B003374A1E}.Debug|Any CPU.Build.0 = Debug|Any CPU
		{CDABC22B-6A89-4858-8A30-F8B003374A1E}.Release|Any CPU.ActiveCfg = Release|Any CPU
		{CDABC22B-6A89-4858-8A30-F8B003374A1E}.Release|Any CPU.Build.0 = Release|Any CPU
	EndGlobalSection
	GlobalSection(SolutionProperties) = preSolution
		HideSolutionNode = FALSE
	EndGlobalSection
	GlobalSection(NestedProjects) = preSolution
		{6329C548-034B-42A9-BCD1-D24CD77AC30A} = {BAF05ED0-4440-4043-9016-EAF622346BBC}
		{07A94F80-59F0-4E14-BF0C-A3899638638C} = {6329C548-034B-42A9-BCD1-D24CD77AC30A}
		{D1B5629A-18CC-4EE6-A125-D7D0D81328D8} = {BAF05ED0-4440-4043-9016-EAF622346BBC}
		{0E9982C6-8B77-49DC-9F08-D0330EDB59B7} = {D1B5629A-18CC-4EE6-A125-D7D0D81328D8}
		{167F4750-E523-4396-ADCC-B29BE2CA38E0} = {BAF05ED0-4440-4043-9016-EAF622346BBC}
		{794C858C-DBF2-476B-887D-D5EE6E21102B} = {167F4750-E523-4396-ADCC-B29BE2CA38E0}
		{8C44364E-5752-451F-89CB-94E68EB33844} = {167F4750-E523-4396-ADCC-B29BE2CA38E0}
		{EDE3CF37-2B26-44C7-813C-6A61017CC354} = {BAF05ED0-4440-4043-9016-EAF622346BBC}
		{3FB28E61-EB44-4543-8B11-F59BCEF597C9} = {EDE3CF37-2B26-44C7-813C-6A61017CC354}
		{A65E5C5B-8E12-45DE-A5D0-AB728946714F} = {EDE3CF37-2B26-44C7-813C-6A61017CC354}
		{9D1B9236-221B-4B2C-8EFE-E3109DA9FC0E} = {EDE3CF37-2B26-44C7-813C-6A61017CC354}
		{A912B21E-617D-4738-80F2-2C372D940CD0} = {EDE3CF37-2B26-44C7-813C-6A61017CC354}
		{E0F5A185-5D7A-4CF2-A360-FA3D1478F335} = {7B6F2370-7CA4-4CBA-9F5E-BBD23B307245}
		{61CA5FF0-6E91-4310-8684-9B3F1ECD1534} = {CC389A2C-38D2-41D6-8966-959766EB5088}
		{4F9D3A0D-7233-46BC-A67D-A50B46CDA0DA} = {CC389A2C-38D2-41D6-8966-959766EB5088}
		{CF2D982A-6E95-4605-B30D-7EFB6B8DA0B4} = {3ADAA6DE-3279-43A3-A7FA-018AA5C11653}
		{E349DE0E-EB32-4D9D-A384-E901F70AB710} = {7B6F2370-7CA4-4CBA-9F5E-BBD23B307245}
		{CDABC22B-6A89-4858-8A30-F8B003374A1E} = {3ADAA6DE-3279-43A3-A7FA-018AA5C11653}
	EndGlobalSection
	GlobalSection(ExtensibilityGlobals) = postSolution
		SolutionGuid = {3D8E8E8C-BBD2-4C66-941A-12D21BFE7582}
	EndGlobalSection
EndGlobal
