
Microsoft Visual Studio Solution File, Format Version 12.00
# Visual Studio Version 17
VisualStudioVersion = 17.6.33829.357
MinimumVisualStudioVersion = 10.0.40219.1
Project("{2150E333-8FDC-42A3-9474-1A3956D46DE8}") = "Services", "Services", "{BAF05ED0-4440-4043-9016-EAF622346BBC}"
EndProject
Project("{2150E333-8FDC-42A3-9474-1A3956D46DE8}") = "Catalog", "Catalog", "{6329C548-034B-42A9-BCD1-D24CD77AC30A}"
EndProject
Project("{9A19103F-16F7-4668-BE54-9A1E7A4F7556}") = "Catalog.API", "Services\Catalog\Catalog.API\Catalog.API.csproj", "{07A94F80-59F0-4E14-BF0C-A3899638638C}"
EndProject
Project("{E53339B2-1760-4266-BCC7-CA923CBCF16C}") = "docker-compose", "docker-compose.dcproj", "{0575FD36-3CE1-4470-A88C-5831496B5942}"
EndProject
Project("{2150E333-8FDC-42A3-9474-1A3956D46DE8}") = "Basket", "Basket", "{D1B5629A-18CC-4EE6-A125-D7D0D81328D8}"
EndProject
Project("{FAE04EC0-301F-11D3-BF4B-00C04F79EFBC}") = "Basket.API", "Services\Basket\Basket.API\Basket.API.csproj", "{0E9982C6-8B77-49DC-9F08-D0330EDB59B7}"
EndProject
Global
	GlobalSection(SolutionConfigurationPlatforms) = preSolution
		Debug|Any CPU = Debug|Any CPU
		Release|Any CPU = Release|Any CPU
	EndGlobalSection
	GlobalSection(ProjectConfigurationPlatforms) = postSolution
		{07A94F80-59F0-4E14-BF0C-A3899638638C}.Debug|Any CPU.ActiveCfg = Debug|Any CPU
		{07A94F80-59F0-4E14-BF0C-A3899638638C}.Debug|Any CPU.Build.0 = Debug|Any CPU
		{07A94F80-59F0-4E14-BF0C-A3899638638C}.Release|Any CPU.ActiveCfg = Release|Any CPU
		{07A94F80-59F0-4E14-BF0C-A3899638638C}.Release|Any CPU.Build.0 = Release|Any CPU
		{0575FD36-3CE1-4470-A88C-5831496B5942}.Debug|Any CPU.ActiveCfg = Debug|Any CPU
		{0575FD36-3CE1-4470-A88C-5831496B5942}.Debug|Any CPU.Build.0 = Debug|Any CPU
		{0575FD36-3CE1-4470-A88C-5831496B5942}.Release|Any CPU.ActiveCfg = Release|Any CPU
		{0575FD36-3CE1-4470-A88C-5831496B5942}.Release|Any CPU.Build.0 = Release|Any CPU
		{0E9982C6-8B77-49DC-9F08-D0330EDB59B7}.Debug|Any CPU.ActiveCfg = Debug|Any CPU
		{0E9982C6-8B77-49DC-9F08-D0330EDB59B7}.Debug|Any CPU.Build.0 = Debug|Any CPU
		{0E9982C6-8B77-49DC-9F08-D0330EDB59B7}.Release|Any CPU.ActiveCfg = Release|Any CPU
		{0E9982C6-8B77-49DC-9F08-D0330EDB59B7}.Release|Any CPU.Build.0 = Release|Any CPU
	EndGlobalSection
	GlobalSection(SolutionProperties) = preSolution
		HideSolutionNode = FALSE
	EndGlobalSection
	GlobalSection(NestedProjects) = preSolution
		{6329C548-034B-42A9-BCD1-D24CD77AC30A} = {BAF05ED0-4440-4043-9016-EAF622346BBC}
		{07A94F80-59F0-4E14-BF0C-A3899638638C} = {6329C548-034B-42A9-BCD1-D24CD77AC30A}
		{D1B5629A-18CC-4EE6-A125-D7D0D81328D8} = {BAF05ED0-4440-4043-9016-EAF622346BBC}
		{0E9982C6-8B77-49DC-9F08-D0330EDB59B7} = {D1B5629A-18CC-4EE6-A125-D7D0D81328D8}
	EndGlobalSection
	GlobalSection(ExtensibilityGlobals) = postSolution
		SolutionGuid = {3D8E8E8C-BBD2-4C66-941A-12D21BFE7582}
	EndGlobalSection
EndGlobal
